
Microsoft Visual Studio Solution File, Format Version 12.00
# Visual Studio Version 17
VisualStudioVersion = 17.4.33213.308
MinimumVisualStudioVersion = 10.0.40219.1
Project("{FAE04EC0-301F-11D3-BF4B-00C04F79EFBC}") = "AddOnCENCOSUD", "AddOnCENCOSUD\AddOnCENCOSUD.csproj", "{300F4E73-9D3D-495F-9AAA-AB1FC5B10EBF}"
EndProject
Global
	GlobalSection(SolutionConfigurationPlatforms) = preSolution
		Debug|Any CPU = Debug|Any CPU
		Debug|x64 = Debug|x64
		Release|Any CPU = Release|Any CPU
		Release|x64 = Release|x64
	EndGlobalSection
	GlobalSection(ProjectConfigurationPlatforms) = postSolution
		{300F4E73-9D3D-495F-9AAA-AB1FC5B10EBF}.Debug|Any CPU.ActiveCfg = Debug|Any CPU
		{300F4E73-9D3D-495F-9AAA-AB1FC5B10EBF}.Debug|Any CPU.Build.0 = Debug|Any CPU
		{300F4E73-9D3D-495F-9AAA-AB1FC5B10EBF}.Debug|x64.ActiveCfg = Debug|x64
		{300F4E73-9D3D-495F-9AAA-AB1FC5B10EBF}.Debug|x64.Build.0 = Debug|x64
		{300F4E73-9D3D-495F-9AAA-AB1FC5B10EBF}.Release|Any CPU.ActiveCfg = Release|Any CPU
		{300F4E73-9D3D-495F-9AAA-AB1FC5B10EBF}.Release|Any CPU.Build.0 = Release|Any CPU
		{300F4E73-9D3D-495F-9AAA-AB1FC5B10EBF}.Release|x64.ActiveCfg = Release|x64
		{300F4E73-9D3D-495F-9AAA-AB1FC5B10EBF}.Release|x64.Build.0 = Release|x64
	EndGlobalSection
	GlobalSection(SolutionProperties) = preSolution
		HideSolutionNode = FALSE
	EndGlobalSection
	GlobalSection(ExtensibilityGlobals) = postSolution
		SolutionGuid = {C536CC80-CC97-4AD3-8972-14ABCCF8FE87}
	EndGlobalSection
EndGlobal
